
Microsoft Visual Studio Solution File, Format Version 12.00
# Visual Studio 15
VisualStudioVersion = 15.0.28307.852
MinimumVisualStudioVersion = 10.0.40219.1
Project("{FAE04EC0-301F-11D3-BF4B-00C04F79EFBC}") = "1 - DelagatingResponsabilities", "DelagatingResponsabilities\1 - DelagatingResponsabilities.csproj", "{26F85A79-66D4-4885-AE57-77E999B98937}"
EndProject
Project("{FAE04EC0-301F-11D3-BF4B-00C04F79EFBC}") = "2 - EnumerationAndComposition", "EnumerationAndComposition\2 - EnumerationAndComposition.csproj", "{12FA3DED-D7FA-4A20-99C4-AA7B779A0109}"
EndProject
Project("{FAE04EC0-301F-11D3-BF4B-00C04F79EFBC}") = "3 - InheritanceAndPolimorfism", "InheritanceAndPolimorfism\3 - InheritanceAndPolimorfism.csproj", "{C59A6577-FD7D-4463-80FF-84C614748949}"
EndProject
Project("{FAE04EC0-301F-11D3-BF4B-00C04F79EFBC}") = "4 - Overriding_Virtual_Sealed_Words", "OverridingAndVirtualWords\4 - Overriding_Virtual_Sealed_Words.csproj", "{31520DE5-DAB2-4D1E-BB7D-73BEB7691B23}"
EndProject
Project("{FAE04EC0-301F-11D3-BF4B-00C04F79EFBC}") = "PolimorfismInheritanceExercise", "PolimorfismInheritanceExercise\PolimorfismInheritanceExercise.csproj", "{9377BE38-1EB5-4FC0-A656-EC1CA67BB13F}"
EndProject
Project("{FAE04EC0-301F-11D3-BF4B-00C04F79EFBC}") = "5 - ClassAndMethodsAbstract", "ClassAndMethodsAbstract\5 - ClassAndMethodsAbstract.csproj", "{B7D23FD9-C04B-462B-ACE0-DC85235A6185}"
EndProject
Project("{FAE04EC0-301F-11D3-BF4B-00C04F79EFBC}") = "ClassAndMethodsAbstractExercise", "ClassAndMethodsAbstractExercise\ClassAndMethodsAbstractExercise.csproj", "{35386586-51BF-4DDF-A6B7-7CADD15C0CB8}"
EndProject
Project("{FAE04EC0-301F-11D3-BF4B-00C04F79EFBC}") = "6 - CustomExceptions", "CustomExceptions\6 - CustomExceptions.csproj", "{A39C043C-4B45-4A22-A8D3-FCFA5F0D6255}"
EndProject
Project("{FAE04EC0-301F-11D3-BF4B-00C04F79EFBC}") = "CustomExceptionsExercises", "CustomExceptionsExercises\CustomExceptionsExercises.csproj", "{A964A132-CEF7-41C4-B771-B556D31DDCF4}"
EndProject
Project("{FAE04EC0-301F-11D3-BF4B-00C04F79EFBC}") = "7- Interfaces (solving without interfaces)", "7- Interfaces\7- Interfaces (solving without interfaces).csproj", "{356EC310-B9D9-49C9-83CE-91DF6E0240D6}"
EndProject
Project("{FAE04EC0-301F-11D3-BF4B-00C04F79EFBC}") = "8 - Interfaces (solving with interfaces)", "8 - Interfaces (solving with interfaces)\8 - Interfaces (solving with interfaces).csproj", "{01696B31-FD6A-466C-B505-F5F0E7A69EF6}"
EndProject
Project("{FAE04EC0-301F-11D3-BF4B-00C04F79EFBC}") = "InterfacesExercise", "InterfacesExercise\InterfacesExercise.csproj", "{1EB793B6-5EA3-4CFD-9C6A-F6E2D72199DE}"
EndProject
Global
	GlobalSection(SolutionConfigurationPlatforms) = preSolution
		Debug|Any CPU = Debug|Any CPU
		Release|Any CPU = Release|Any CPU
	EndGlobalSection
	GlobalSection(ProjectConfigurationPlatforms) = postSolution
		{26F85A79-66D4-4885-AE57-77E999B98937}.Debug|Any CPU.ActiveCfg = Debug|Any CPU
		{26F85A79-66D4-4885-AE57-77E999B98937}.Debug|Any CPU.Build.0 = Debug|Any CPU
		{26F85A79-66D4-4885-AE57-77E999B98937}.Release|Any CPU.ActiveCfg = Release|Any CPU
		{26F85A79-66D4-4885-AE57-77E999B98937}.Release|Any CPU.Build.0 = Release|Any CPU
		{12FA3DED-D7FA-4A20-99C4-AA7B779A0109}.Debug|Any CPU.ActiveCfg = Debug|Any CPU
		{12FA3DED-D7FA-4A20-99C4-AA7B779A0109}.Debug|Any CPU.Build.0 = Debug|Any CPU
		{12FA3DED-D7FA-4A20-99C4-AA7B779A0109}.Release|Any CPU.ActiveCfg = Release|Any CPU
		{12FA3DED-D7FA-4A20-99C4-AA7B779A0109}.Release|Any CPU.Build.0 = Release|Any CPU
		{C59A6577-FD7D-4463-80FF-84C614748949}.Debug|Any CPU.ActiveCfg = Debug|Any CPU
		{C59A6577-FD7D-4463-80FF-84C614748949}.Debug|Any CPU.Build.0 = Debug|Any CPU
		{C59A6577-FD7D-4463-80FF-84C614748949}.Release|Any CPU.ActiveCfg = Release|Any CPU
		{C59A6577-FD7D-4463-80FF-84C614748949}.Release|Any CPU.Build.0 = Release|Any CPU
		{31520DE5-DAB2-4D1E-BB7D-73BEB7691B23}.Debug|Any CPU.ActiveCfg = Debug|Any CPU
		{31520DE5-DAB2-4D1E-BB7D-73BEB7691B23}.Debug|Any CPU.Build.0 = Debug|Any CPU
		{31520DE5-DAB2-4D1E-BB7D-73BEB7691B23}.Release|Any CPU.ActiveCfg = Release|Any CPU
		{31520DE5-DAB2-4D1E-BB7D-73BEB7691B23}.Release|Any CPU.Build.0 = Release|Any CPU
		{9377BE38-1EB5-4FC0-A656-EC1CA67BB13F}.Debug|Any CPU.ActiveCfg = Debug|Any CPU
		{9377BE38-1EB5-4FC0-A656-EC1CA67BB13F}.Debug|Any CPU.Build.0 = Debug|Any CPU
		{9377BE38-1EB5-4FC0-A656-EC1CA67BB13F}.Release|Any CPU.ActiveCfg = Release|Any CPU
		{9377BE38-1EB5-4FC0-A656-EC1CA67BB13F}.Release|Any CPU.Build.0 = Release|Any CPU
		{B7D23FD9-C04B-462B-ACE0-DC85235A6185}.Debug|Any CPU.ActiveCfg = Debug|Any CPU
		{B7D23FD9-C04B-462B-ACE0-DC85235A6185}.Debug|Any CPU.Build.0 = Debug|Any CPU
		{B7D23FD9-C04B-462B-ACE0-DC85235A6185}.Release|Any CPU.ActiveCfg = Release|Any CPU
		{B7D23FD9-C04B-462B-ACE0-DC85235A6185}.Release|Any CPU.Build.0 = Release|Any CPU
		{35386586-51BF-4DDF-A6B7-7CADD15C0CB8}.Debug|Any CPU.ActiveCfg = Debug|Any CPU
		{35386586-51BF-4DDF-A6B7-7CADD15C0CB8}.Debug|Any CPU.Build.0 = Debug|Any CPU
		{35386586-51BF-4DDF-A6B7-7CADD15C0CB8}.Release|Any CPU.ActiveCfg = Release|Any CPU
		{35386586-51BF-4DDF-A6B7-7CADD15C0CB8}.Release|Any CPU.Build.0 = Release|Any CPU
		{A39C043C-4B45-4A22-A8D3-FCFA5F0D6255}.Debug|Any CPU.ActiveCfg = Debug|Any CPU
		{A39C043C-4B45-4A22-A8D3-FCFA5F0D6255}.Debug|Any CPU.Build.0 = Debug|Any CPU
		{A39C043C-4B45-4A22-A8D3-FCFA5F0D6255}.Release|Any CPU.ActiveCfg = Release|Any CPU
		{A39C043C-4B45-4A22-A8D3-FCFA5F0D6255}.Release|Any CPU.Build.0 = Release|Any CPU
		{A964A132-CEF7-41C4-B771-B556D31DDCF4}.Debug|Any CPU.ActiveCfg = Debug|Any CPU
		{A964A132-CEF7-41C4-B771-B556D31DDCF4}.Debug|Any CPU.Build.0 = Debug|Any CPU
		{A964A132-CEF7-41C4-B771-B556D31DDCF4}.Release|Any CPU.ActiveCfg = Release|Any CPU
		{A964A132-CEF7-41C4-B771-B556D31DDCF4}.Release|Any CPU.Build.0 = Release|Any CPU
		{356EC310-B9D9-49C9-83CE-91DF6E0240D6}.Debug|Any CPU.ActiveCfg = Debug|Any CPU
		{356EC310-B9D9-49C9-83CE-91DF6E0240D6}.Debug|Any CPU.Build.0 = Debug|Any CPU
		{356EC310-B9D9-49C9-83CE-91DF6E0240D6}.Release|Any CPU.ActiveCfg = Release|Any CPU
		{356EC310-B9D9-49C9-83CE-91DF6E0240D6}.Release|Any CPU.Build.0 = Release|Any CPU
		{01696B31-FD6A-466C-B505-F5F0E7A69EF6}.Debug|Any CPU.ActiveCfg = Debug|Any CPU
		{01696B31-FD6A-466C-B505-F5F0E7A69EF6}.Debug|Any CPU.Build.0 = Debug|Any CPU
		{01696B31-FD6A-466C-B505-F5F0E7A69EF6}.Release|Any CPU.ActiveCfg = Release|Any CPU
		{01696B31-FD6A-466C-B505-F5F0E7A69EF6}.Release|Any CPU.Build.0 = Release|Any CPU
		{1EB793B6-5EA3-4CFD-9C6A-F6E2D72199DE}.Debug|Any CPU.ActiveCfg = Debug|Any CPU
		{1EB793B6-5EA3-4CFD-9C6A-F6E2D72199DE}.Debug|Any CPU.Build.0 = Debug|Any CPU
		{1EB793B6-5EA3-4CFD-9C6A-F6E2D72199DE}.Release|Any CPU.ActiveCfg = Release|Any CPU
		{1EB793B6-5EA3-4CFD-9C6A-F6E2D72199DE}.Release|Any CPU.Build.0 = Release|Any CPU
	EndGlobalSection
	GlobalSection(SolutionProperties) = preSolution
		HideSolutionNode = FALSE
	EndGlobalSection
	GlobalSection(ExtensibilityGlobals) = postSolution
		SolutionGuid = {131BF6D8-E53F-42A7-922A-7B8A778E91E7}
	EndGlobalSection
EndGlobal
